
Microsoft Visual Studio Solution File, Format Version 12.00
# Visual Studio Version 16
VisualStudioVersion = 16.0.31105.61
MinimumVisualStudioVersion = 10.0.40219.1
Project("{FAE04EC0-301F-11D3-BF4B-00C04F79EFBC}") = "WaferMapExternalControlTutorial", "WaferMapExternalControlTutorial.csproj", "{BFB1E99A-18EF-4541-BCFA-9EFCF57BA315}"
EndProject
Global
	GlobalSection(SolutionConfigurationPlatforms) = preSolution
		Debug|Any CPU = Debug|Any CPU
		Release|Any CPU = Release|Any CPU
	EndGlobalSection
	GlobalSection(ProjectConfigurationPlatforms) = postSolution
		{BFB1E99A-18EF-4541-BCFA-9EFCF57BA315}.Debug|Any CPU.ActiveCfg = Debug|Any CPU
		{BFB1E99A-18EF-4541-BCFA-9EFCF57BA315}.Debug|Any CPU.Build.0 = Debug|Any CPU
		{BFB1E99A-18EF-4541-BCFA-9EFCF57BA315}.Release|Any CPU.ActiveCfg = Release|Any CPU
		{BFB1E99A-18EF-4541-BCFA-9EFCF57BA315}.Release|Any CPU.Build.0 = Release|Any CPU
	EndGlobalSection
	GlobalSection(SolutionProperties) = preSolution
		HideSolutionNode = FALSE
	EndGlobalSection
	GlobalSection(ExtensibilityGlobals) = postSolution
		SolutionGuid = {5874D385-B08F-4C5D-884C-9E979FE5329E}
	EndGlobalSection
EndGlobal
